# This file is autogenerated, do not edit; changes may be undone by the next 'dep ensure'.


[[projects]]
  branch = "master"
  name = "github.com/cdipaolo/goml"
  packages = ["base","text"]
  revision = "e2d8def04c9a19893aba223c21899c77089651ee"

[[projects]]
  name = "github.com/mna/pigeon"
  packages = [".","ast","builder"]
  revision = "9df264905d4734c0133161d8c67828ff522b154a"
  version = "v1.0.0"

[[projects]]
  branch = "master"
  name = "golang.org/x/text"
  packages = ["transform"]
  revision = "2bf8f2a19ec09c670e931282edfe6567f6be21c9"

[solve-meta]
  analyzer-name = "dep"
  analyzer-version = 1
  inputs-digest = "acd00ef0af5095f120392b70a2a271a964dfe7640bb75904b235a252ae866d2f"
  solver-name = "gps-cdcl"
  solver-version = 1
